// !$*UTF8*$!
{
	archiveVersion = 1;
	classes = {
	};
	objectVersion = 56;
	objects = {

/* Begin PBXBuildFile section */
		5E876C012C3EB8C000775E8A /* AppDelegate.swift in Sources */ = {isa = PBXBuildFile; fileRef = 5E876C002C3EB8C000775E8A /* AppDelegate.swift */; };
		5E876C032C3EB8C000775E8A /* SceneDelegate.swift in Sources */ = {isa = PBXBuildFile; fileRef = 5E876C022C3EB8C000775E8A /* SceneDelegate.swift */; };
		5E876C0A2C3EB8C200775E8A /* Assets.xcassets in Resources */ = {isa = PBXBuildFile; fileRef = 5E876C092C3EB8C200775E8A /* Assets.xcassets */; };
		5E876C0D2C3EB8C200775E8A /* Base in Resources */ = {isa = PBXBuildFile; fileRef = 5E876C0C2C3EB8C200775E8A /* Base */; };
		5E876C182C3EB8C200775E8A /* PoqAppTechTests.swift in Sources */ = {isa = PBXBuildFile; fileRef = 5E876C172C3EB8C200775E8A /* PoqAppTechTests.swift */; };
		5E876C222C3EB8C200775E8A /* PoqAppTechUITests.swift in Sources */ = {isa = PBXBuildFile; fileRef = 5E876C212C3EB8C200775E8A /* PoqAppTechUITests.swift */; };
		5E876C242C3EB8C200775E8A /* PoqAppTechUITestsLaunchTests.swift in Sources */ = {isa = PBXBuildFile; fileRef = 5E876C232C3EB8C200775E8A /* PoqAppTechUITestsLaunchTests.swift */; };
		5E876C362C3EBC5900775E8A /* NetworkManager.swift in Sources */ = {isa = PBXBuildFile; fileRef = 5E876C352C3EBC5900775E8A /* NetworkManager.swift */; };
		5E876C382C3EBC7E00775E8A /* NetworkError.swift in Sources */ = {isa = PBXBuildFile; fileRef = 5E876C372C3EBC7E00775E8A /* NetworkError.swift */; };
		5E876C3D2C3EC2B200775E8A /* MainViewController.swift in Sources */ = {isa = PBXBuildFile; fileRef = 5E876C3C2C3EC2B200775E8A /* MainViewController.swift */; };
		5E876C3F2C3EC2EB00775E8A /* CustomTableViewCell.swift in Sources */ = {isa = PBXBuildFile; fileRef = 5E876C3E2C3EC2EB00775E8A /* CustomTableViewCell.swift */; };
		5E876C412C3EC65700775E8A /* UITableView+Extension.swift in Sources */ = {isa = PBXBuildFile; fileRef = 5E876C402C3EC65700775E8A /* UITableView+Extension.swift */; };
		5E876C432C3EC71200775E8A /* RepositoryModel.swift in Sources */ = {isa = PBXBuildFile; fileRef = 5E876C422C3EC71200775E8A /* RepositoryModel.swift */; };
		5E876C452C3EC77300775E8A /* NetworkConstant.swift in Sources */ = {isa = PBXBuildFile; fileRef = 5E876C442C3EC77300775E8A /* NetworkConstant.swift */; };
/* End PBXBuildFile section */

/* Begin PBXContainerItemProxy section */
		5E876C142C3EB8C200775E8A /* PBXContainerItemProxy */ = {
			isa = PBXContainerItemProxy;
			containerPortal = 5E876BF52C3EB8C000775E8A /* Project object */;
			proxyType = 1;
			remoteGlobalIDString = 5E876BFC2C3EB8C000775E8A;
			remoteInfo = PoqAppTech;
		};
		5E876C1E2C3EB8C200775E8A /* PBXContainerItemProxy */ = {
			isa = PBXContainerItemProxy;
			containerPortal = 5E876BF52C3EB8C000775E8A /* Project object */;
			proxyType = 1;
			remoteGlobalIDString = 5E876BFC2C3EB8C000775E8A;
			remoteInfo = PoqAppTech;
		};
/* End PBXContainerItemProxy section */

/* Begin PBXFileReference section */
		5E876BFD2C3EB8C000775E8A /* PoqAppTech.app */ = {isa = PBXFileReference; explicitFileType = wrapper.application; includeInIndex = 0; path = PoqAppTech.app; sourceTree = BUILT_PRODUCTS_DIR; };
		5E876C002C3EB8C000775E8A /* AppDelegate.swift */ = {isa = PBXFileReference; lastKnownFileType = sourcecode.swift; path = AppDelegate.swift; sourceTree = "<group>"; };
		5E876C022C3EB8C000775E8A /* SceneDelegate.swift */ = {isa = PBXFileReference; lastKnownFileType = sourcecode.swift; path = SceneDelegate.swift; sourceTree = "<group>"; };
		5E876C092C3EB8C200775E8A /* Assets.xcassets */ = {isa = PBXFileReference; lastKnownFileType = folder.assetcatalog; path = Assets.xcassets; sourceTree = "<group>"; };
		5E876C0C2C3EB8C200775E8A /* Base */ = {isa = PBXFileReference; lastKnownFileType = file.storyboard; name = Base; path = Base.lproj/LaunchScreen.storyboard; sourceTree = "<group>"; };
		5E876C0E2C3EB8C200775E8A /* Info.plist */ = {isa = PBXFileReference; lastKnownFileType = text.plist.xml; path = Info.plist; sourceTree = "<group>"; };
		5E876C132C3EB8C200775E8A /* PoqAppTechTests.xctest */ = {isa = PBXFileReference; explicitFileType = wrapper.cfbundle; includeInIndex = 0; path = PoqAppTechTests.xctest; sourceTree = BUILT_PRODUCTS_DIR; };
		5E876C172C3EB8C200775E8A /* PoqAppTechTests.swift */ = {isa = PBXFileReference; lastKnownFileType = sourcecode.swift; path = PoqAppTechTests.swift; sourceTree = "<group>"; };
		5E876C1D2C3EB8C200775E8A /* PoqAppTechUITests.xctest */ = {isa = PBXFileReference; explicitFileType = wrapper.cfbundle; includeInIndex = 0; path = PoqAppTechUITests.xctest; sourceTree = BUILT_PRODUCTS_DIR; };
		5E876C212C3EB8C200775E8A /* PoqAppTechUITests.swift */ = {isa = PBXFileReference; lastKnownFileType = sourcecode.swift; path = PoqAppTechUITests.swift; sourceTree = "<group>"; };
		5E876C232C3EB8C200775E8A /* PoqAppTechUITestsLaunchTests.swift */ = {isa = PBXFileReference; lastKnownFileType = sourcecode.swift; path = PoqAppTechUITestsLaunchTests.swift; sourceTree = "<group>"; };
		5E876C352C3EBC5900775E8A /* NetworkManager.swift */ = {isa = PBXFileReference; lastKnownFileType = sourcecode.swift; path = NetworkManager.swift; sourceTree = "<group>"; };
		5E876C372C3EBC7E00775E8A /* NetworkError.swift */ = {isa = PBXFileReference; lastKnownFileType = sourcecode.swift; path = NetworkError.swift; sourceTree = "<group>"; };
		5E876C3C2C3EC2B200775E8A /* MainViewController.swift */ = {isa = PBXFileReference; lastKnownFileType = sourcecode.swift; path = MainViewController.swift; sourceTree = "<group>"; };
		5E876C3E2C3EC2EB00775E8A /* CustomTableViewCell.swift */ = {isa = PBXFileReference; lastKnownFileType = sourcecode.swift; path = CustomTableViewCell.swift; sourceTree = "<group>"; };
		5E876C402C3EC65700775E8A /* UITableView+Extension.swift */ = {isa = PBXFileReference; lastKnownFileType = sourcecode.swift; path = "UITableView+Extension.swift"; sourceTree = "<group>"; };
		5E876C422C3EC71200775E8A /* RepositoryModel.swift */ = {isa = PBXFileReference; lastKnownFileType = sourcecode.swift; path = RepositoryModel.swift; sourceTree = "<group>"; };
		5E876C442C3EC77300775E8A /* NetworkConstant.swift */ = {isa = PBXFileReference; lastKnownFileType = sourcecode.swift; path = NetworkConstant.swift; sourceTree = "<group>"; };
/* End PBXFileReference section */

/* Begin PBXFrameworksBuildPhase section */
		5E876BFA2C3EB8C000775E8A /* Frameworks */ = {
			isa = PBXFrameworksBuildPhase;
			buildActionMask = 2147483647;
			files = (
			);
			runOnlyForDeploymentPostprocessing = 0;
		};
		5E876C102C3EB8C200775E8A /* Frameworks */ = {
			isa = PBXFrameworksBuildPhase;
			buildActionMask = 2147483647;
			files = (
			);
			runOnlyForDeploymentPostprocessing = 0;
		};
		5E876C1A2C3EB8C200775E8A /* Frameworks */ = {
			isa = PBXFrameworksBuildPhase;
			buildActionMask = 2147483647;
			files = (
			);
			runOnlyForDeploymentPostprocessing = 0;
		};
/* End PBXFrameworksBuildPhase section */

/* Begin PBXGroup section */
		5E876BF42C3EB8C000775E8A = {
			isa = PBXGroup;
			children = (
				5E876BFF2C3EB8C000775E8A /* PoqAppTech */,
				5E876C162C3EB8C200775E8A /* PoqAppTechTests */,
				5E876C202C3EB8C200775E8A /* PoqAppTechUITests */,
				5E876BFE2C3EB8C000775E8A /* Products */,
			);
			sourceTree = "<group>";
		};
		5E876BFE2C3EB8C000775E8A /* Products */ = {
			isa = PBXGroup;
			children = (
				5E876BFD2C3EB8C000775E8A /* PoqAppTech.app */,
				5E876C132C3EB8C200775E8A /* PoqAppTechTests.xctest */,
				5E876C1D2C3EB8C200775E8A /* PoqAppTechUITests.xctest */,
			);
			name = Products;
			sourceTree = "<group>";
		};
		5E876BFF2C3EB8C000775E8A /* PoqAppTech */ = {
			isa = PBXGroup;
			children = (
				5E876C332C3EBBC400775E8A /* Managers */,
				5E876C322C3EBB7C00775E8A /* Models */,
				5E876C312C3EBB4F00775E8A /* ViewModel */,
				5E876C3B2C3EC28F00775E8A /* ViewControllers */,
				5E876C392C3EBCCF00775E8A /* Views */,
				5E876C3A2C3EC16900775E8A /* Extensions */,
				5E876C342C3EBBED00775E8A /* Helpers */,
				5E876C302C3EBB2600775E8A /* Supporting files */,
				5E876C0E2C3EB8C200775E8A /* Info.plist */,
			);
			path = PoqAppTech;
			sourceTree = "<group>";
		};
		5E876C162C3EB8C200775E8A /* PoqAppTechTests */ = {
			isa = PBXGroup;
			children = (
				5E876C172C3EB8C200775E8A /* PoqAppTechTests.swift */,
			);
			path = PoqAppTechTests;
			sourceTree = "<group>";
		};
		5E876C202C3EB8C200775E8A /* PoqAppTechUITests */ = {
			isa = PBXGroup;
			children = (
				5E876C212C3EB8C200775E8A /* PoqAppTechUITests.swift */,
				5E876C232C3EB8C200775E8A /* PoqAppTechUITestsLaunchTests.swift */,
			);
			path = PoqAppTechUITests;
			sourceTree = "<group>";
		};
		5E876C302C3EBB2600775E8A /* Supporting files */ = {
			isa = PBXGroup;
			children = (
				5E876C002C3EB8C000775E8A /* AppDelegate.swift */,
				5E876C022C3EB8C000775E8A /* SceneDelegate.swift */,
				5E876C092C3EB8C200775E8A /* Assets.xcassets */,
				5E876C0B2C3EB8C200775E8A /* LaunchScreen.storyboard */,
			);
			path = "Supporting files";
			sourceTree = "<group>";
		};
		5E876C312C3EBB4F00775E8A /* ViewModel */ = {
			isa = PBXGroup;
			children = (
			);
			path = ViewModel;
			sourceTree = "<group>";
		};
		5E876C322C3EBB7C00775E8A /* Models */ = {
			isa = PBXGroup;
			children = (
				5E876C422C3EC71200775E8A /* RepositoryModel.swift */,
			);
			path = Models;
			sourceTree = "<group>";
		};
		5E876C332C3EBBC400775E8A /* Managers */ = {
			isa = PBXGroup;
			children = (
				5E876C352C3EBC5900775E8A /* NetworkManager.swift */,
				5E876C442C3EC77300775E8A /* NetworkConstant.swift */,
			);
			path = Managers;
			sourceTree = "<group>";
		};
		5E876C342C3EBBED00775E8A /* Helpers */ = {
			isa = PBXGroup;
			children = (
				5E876C372C3EBC7E00775E8A /* NetworkError.swift */,
			);
			path = Helpers;
			sourceTree = "<group>";
		};
		5E876C392C3EBCCF00775E8A /* Views */ = {
			isa = PBXGroup;
			children = (
				5E876C3E2C3EC2EB00775E8A /* CustomTableViewCell.swift */,
			);
			path = Views;
			sourceTree = "<group>";
		};
		5E876C3A2C3EC16900775E8A /* Extensions */ = {
			isa = PBXGroup;
			children = (
				5E876C402C3EC65700775E8A /* UITableView+Extension.swift */,
			);
			path = Extensions;
			sourceTree = "<group>";
		};
		5E876C3B2C3EC28F00775E8A /* ViewControllers */ = {
			isa = PBXGroup;
			children = (
				5E876C3C2C3EC2B200775E8A /* MainViewController.swift */,
			);
			path = ViewControllers;
			sourceTree = "<group>";
		};
/* End PBXGroup section */

/* Begin PBXNativeTarget section */
		5E876BFC2C3EB8C000775E8A /* PoqAppTech */ = {
			isa = PBXNativeTarget;
			buildConfigurationList = 5E876C272C3EB8C200775E8A /* Build configuration list for PBXNativeTarget "PoqAppTech" */;
			buildPhases = (
				5E876BF92C3EB8C000775E8A /* Sources */,
				5E876BFA2C3EB8C000775E8A /* Frameworks */,
				5E876BFB2C3EB8C000775E8A /* Resources */,
			);
			buildRules = (
			);
			dependencies = (
			);
			name = PoqAppTech;
			productName = PoqAppTech;
			productReference = 5E876BFD2C3EB8C000775E8A /* PoqAppTech.app */;
			productType = "com.apple.product-type.application";
		};
		5E876C122C3EB8C200775E8A /* PoqAppTechTests */ = {
			isa = PBXNativeTarget;
			buildConfigurationList = 5E876C2A2C3EB8C200775E8A /* Build configuration list for PBXNativeTarget "PoqAppTechTests" */;
			buildPhases = (
				5E876C0F2C3EB8C200775E8A /* Sources */,
				5E876C102C3EB8C200775E8A /* Frameworks */,
				5E876C112C3EB8C200775E8A /* Resources */,
			);
			buildRules = (
			);
			dependencies = (
				5E876C152C3EB8C200775E8A /* PBXTargetDependency */,
			);
			name = PoqAppTechTests;
			productName = PoqAppTechTests;
			productReference = 5E876C132C3EB8C200775E8A /* PoqAppTechTests.xctest */;
			productType = "com.apple.product-type.bundle.unit-test";
		};
		5E876C1C2C3EB8C200775E8A /* PoqAppTechUITests */ = {
			isa = PBXNativeTarget;
			buildConfigurationList = 5E876C2D2C3EB8C200775E8A /* Build configuration list for PBXNativeTarget "PoqAppTechUITests" */;
			buildPhases = (
				5E876C192C3EB8C200775E8A /* Sources */,
				5E876C1A2C3EB8C200775E8A /* Frameworks */,
				5E876C1B2C3EB8C200775E8A /* Resources */,
			);
			buildRules = (
			);
			dependencies = (
				5E876C1F2C3EB8C200775E8A /* PBXTargetDependency */,
			);
			name = PoqAppTechUITests;
			productName = PoqAppTechUITests;
			productReference = 5E876C1D2C3EB8C200775E8A /* PoqAppTechUITests.xctest */;
			productType = "com.apple.product-type.bundle.ui-testing";
		};
/* End PBXNativeTarget section */

/* Begin PBXProject section */
		5E876BF52C3EB8C000775E8A /* Project object */ = {
			isa = PBXProject;
			attributes = {
				BuildIndependentTargetsInParallel = 1;
				LastSwiftUpdateCheck = 1530;
				LastUpgradeCheck = 1530;
				TargetAttributes = {
					5E876BFC2C3EB8C000775E8A = {
						CreatedOnToolsVersion = 15.3;
					};
					5E876C122C3EB8C200775E8A = {
						CreatedOnToolsVersion = 15.3;
						TestTargetID = 5E876BFC2C3EB8C000775E8A;
					};
					5E876C1C2C3EB8C200775E8A = {
						CreatedOnToolsVersion = 15.3;
						TestTargetID = 5E876BFC2C3EB8C000775E8A;
					};
				};
			};
			buildConfigurationList = 5E876BF82C3EB8C000775E8A /* Build configuration list for PBXProject "PoqAppTech" */;
			compatibilityVersion = "Xcode 14.0";
			developmentRegion = en;
			hasScannedForEncodings = 0;
			knownRegions = (
				en,
				Base,
			);
			mainGroup = 5E876BF42C3EB8C000775E8A;
			productRefGroup = 5E876BFE2C3EB8C000775E8A /* Products */;
			projectDirPath = "";
			projectRoot = "";
			targets = (
				5E876BFC2C3EB8C000775E8A /* PoqAppTech */,
				5E876C122C3EB8C200775E8A /* PoqAppTechTests */,
				5E876C1C2C3EB8C200775E8A /* PoqAppTechUITests */,
			);
		};
/* End PBXProject section */

/* Begin PBXResourcesBuildPhase section */
		5E876BFB2C3EB8C000775E8A /* Resources */ = {
			isa = PBXResourcesBuildPhase;
			buildActionMask = 2147483647;
			files = (
				5E876C0A2C3EB8C200775E8A /* Assets.xcassets in Resources */,
				5E876C0D2C3EB8C200775E8A /* Base in Resources */,
			);
			runOnlyForDeploymentPostprocessing = 0;
		};
		5E876C112C3EB8C200775E8A /* Resources */ = {
			isa = PBXResourcesBuildPhase;
			buildActionMask = 2147483647;
			files = (
			);
			runOnlyForDeploymentPostprocessing = 0;
		};
		5E876C1B2C3EB8C200775E8A /* Resources */ = {
			isa = PBXResourcesBuildPhase;
			buildActionMask = 2147483647;
			files = (
			);
			runOnlyForDeploymentPostprocessing = 0;
		};
/* End PBXResourcesBuildPhase section */

/* Begin PBXSourcesBuildPhase section */
		5E876BF92C3EB8C000775E8A /* Sources */ = {
			isa = PBXSourcesBuildPhase;
			buildActionMask = 2147483647;
			files = (
				5E876C362C3EBC5900775E8A /* NetworkManager.swift in Sources */,
				5E876C432C3EC71200775E8A /* RepositoryModel.swift in Sources */,
				5E876C012C3EB8C000775E8A /* AppDelegate.swift in Sources */,
				5E876C412C3EC65700775E8A /* UITableView+Extension.swift in Sources */,
				5E876C382C3EBC7E00775E8A /* NetworkError.swift in Sources */,
				5E876C3F2C3EC2EB00775E8A /* CustomTableViewCell.swift in Sources */,
				5E876C032C3EB8C000775E8A /* SceneDelegate.swift in Sources */,
				5E876C452C3EC77300775E8A /* NetworkConstant.swift in Sources */,
				5E876C3D2C3EC2B200775E8A /* MainViewController.swift in Sources */,
			);
			runOnlyForDeploymentPostprocessing = 0;
		};
		5E876C0F2C3EB8C200775E8A /* Sources */ = {
			isa = PBXSourcesBuildPhase;
			buildActionMask = 2147483647;
			files = (
				5E876C182C3EB8C200775E8A /* PoqAppTechTests.swift in Sources */,
			);
			runOnlyForDeploymentPostprocessing = 0;
		};
		5E876C192C3EB8C200775E8A /* Sources */ = {
			isa = PBXSourcesBuildPhase;
			buildActionMask = 2147483647;
			files = (
				5E876C222C3EB8C200775E8A /* PoqAppTechUITests.swift in Sources */,
				5E876C242C3EB8C200775E8A /* PoqAppTechUITestsLaunchTests.swift in Sources */,
			);
			runOnlyForDeploymentPostprocessing = 0;
		};
/* End PBXSourcesBuildPhase section */

/* Begin PBXTargetDependency section */
		5E876C152C3EB8C200775E8A /* PBXTargetDependency */ = {
			isa = PBXTargetDependency;
			target = 5E876BFC2C3EB8C000775E8A /* PoqAppTech */;
			targetProxy = 5E876C142C3EB8C200775E8A /* PBXContainerItemProxy */;
		};
		5E876C1F2C3EB8C200775E8A /* PBXTargetDependency */ = {
			isa = PBXTargetDependency;
			target = 5E876BFC2C3EB8C000775E8A /* PoqAppTech */;
			targetProxy = 5E876C1E2C3EB8C200775E8A /* PBXContainerItemProxy */;
		};
/* End PBXTargetDependency section */

/* Begin PBXVariantGroup section */
		5E876C0B2C3EB8C200775E8A /* LaunchScreen.storyboard */ = {
			isa = PBXVariantGroup;
			children = (
				5E876C0C2C3EB8C200775E8A /* Base */,
			);
			name = LaunchScreen.storyboard;
			sourceTree = "<group>";
		};
/* End PBXVariantGroup section */

/* Begin XCBuildConfiguration section */
		5E876C252C3EB8C200775E8A /* Debug */ = {
			isa = XCBuildConfiguration;
			buildSettings = {
				ALWAYS_SEARCH_USER_PATHS = NO;
				ASSETCATALOG_COMPILER_GENERATE_SWIFT_ASSET_SYMBOL_EXTENSIONS = YES;
				CLANG_ANALYZER_NONNULL = YES;
				CLANG_ANALYZER_NUMBER_OBJECT_CONVERSION = YES_AGGRESSIVE;
				CLANG_CXX_LANGUAGE_STANDARD = "gnu++20";
				CLANG_ENABLE_MODULES = YES;
				CLANG_ENABLE_OBJC_ARC = YES;
				CLANG_ENABLE_OBJC_WEAK = YES;
				CLANG_WARN_BLOCK_CAPTURE_AUTORELEASING = YES;
				CLANG_WARN_BOOL_CONVERSION = YES;
				CLANG_WARN_COMMA = YES;
				CLANG_WARN_CONSTANT_CONVERSION = YES;
				CLANG_WARN_DEPRECATED_OBJC_IMPLEMENTATIONS = YES;
				CLANG_WARN_DIRECT_OBJC_ISA_USAGE = YES_ERROR;
				CLANG_WARN_DOCUMENTATION_COMMENTS = YES;
				CLANG_WARN_EMPTY_BODY = YES;
				CLANG_WARN_ENUM_CONVERSION = YES;
				CLANG_WARN_INFINITE_RECURSION = YES;
				CLANG_WARN_INT_CONVERSION = YES;
				CLANG_WARN_NON_LITERAL_NULL_CONVERSION = YES;
				CLANG_WARN_OBJC_IMPLICIT_RETAIN_SELF = YES;
				CLANG_WARN_OBJC_LITERAL_CONVERSION = YES;
				CLANG_WARN_OBJC_ROOT_CLASS = YES_ERROR;
				CLANG_WARN_QUOTED_INCLUDE_IN_FRAMEWORK_HEADER = YES;
				CLANG_WARN_RANGE_LOOP_ANALYSIS = YES;
				CLANG_WARN_STRICT_PROTOTYPES = YES;
				CLANG_WARN_SUSPICIOUS_MOVE = YES;
				CLANG_WARN_UNGUARDED_AVAILABILITY = YES_AGGRESSIVE;
				CLANG_WARN_UNREACHABLE_CODE = YES;
				CLANG_WARN__DUPLICATE_METHOD_MATCH = YES;
				COPY_PHASE_STRIP = NO;
				DEBUG_INFORMATION_FORMAT = dwarf;
				ENABLE_STRICT_OBJC_MSGSEND = YES;
				ENABLE_TESTABILITY = YES;
				ENABLE_USER_SCRIPT_SANDBOXING = YES;
				GCC_C_LANGUAGE_STANDARD = gnu17;
				GCC_DYNAMIC_NO_PIC = NO;
				GCC_NO_COMMON_BLOCKS = YES;
				GCC_OPTIMIZATION_LEVEL = 0;
				GCC_PREPROCESSOR_DEFINITIONS = (
					"DEBUG=1",
					"$(inherited)",
				);
				GCC_WARN_64_TO_32_BIT_CONVERSION = YES;
				GCC_WARN_ABOUT_RETURN_TYPE = YES_ERROR;
				GCC_WARN_UNDECLARED_SELECTOR = YES;
				GCC_WARN_UNINITIALIZED_AUTOS = YES_AGGRESSIVE;
				GCC_WARN_UNUSED_FUNCTION = YES;
				GCC_WARN_UNUSED_VARIABLE = YES;
				IPHONEOS_DEPLOYMENT_TARGET = 17.4;
				LOCALIZATION_PREFERS_STRING_CATALOGS = YES;
				MTL_ENABLE_DEBUG_INFO = INCLUDE_SOURCE;
				MTL_FAST_MATH = YES;
				ONLY_ACTIVE_ARCH = YES;
				SDKROOT = iphoneos;
				SWIFT_ACTIVE_COMPILATION_CONDITIONS = "DEBUG $(inherited)";
				SWIFT_OPTIMIZATION_LEVEL = "-Onone";
			};
			name = Debug;
		};
		5E876C262C3EB8C200775E8A /* Release */ = {
			isa = XCBuildConfiguration;
			buildSettings = {
				ALWAYS_SEARCH_USER_PATHS = NO;
				ASSETCATALOG_COMPILER_GENERATE_SWIFT_ASSET_SYMBOL_EXTENSIONS = YES;
				CLANG_ANALYZER_NONNULL = YES;
				CLANG_ANALYZER_NUMBER_OBJECT_CONVERSION = YES_AGGRESSIVE;
				CLANG_CXX_LANGUAGE_STANDARD = "gnu++20";
				CLANG_ENABLE_MODULES = YES;
				CLANG_ENABLE_OBJC_ARC = YES;
				CLANG_ENABLE_OBJC_WEAK = YES;
				CLANG_WARN_BLOCK_CAPTURE_AUTORELEASING = YES;
				CLANG_WARN_BOOL_CONVERSION = YES;
				CLANG_WARN_COMMA = YES;
				CLANG_WARN_CONSTANT_CONVERSION = YES;
				CLANG_WARN_DEPRECATED_OBJC_IMPLEMENTATIONS = YES;
				CLANG_WARN_DIRECT_OBJC_ISA_USAGE = YES_ERROR;
				CLANG_WARN_DOCUMENTATION_COMMENTS = YES;
				CLANG_WARN_EMPTY_BODY = YES;
				CLANG_WARN_ENUM_CONVERSION = YES;
				CLANG_WARN_INFINITE_RECURSION = YES;
				CLANG_WARN_INT_CONVERSION = YES;
				CLANG_WARN_NON_LITERAL_NULL_CONVERSION = YES;
				CLANG_WARN_OBJC_IMPLICIT_RETAIN_SELF = YES;
				CLANG_WARN_OBJC_LITERAL_CONVERSION = YES;
				CLANG_WARN_OBJC_ROOT_CLASS = YES_ERROR;
				CLANG_WARN_QUOTED_INCLUDE_IN_FRAMEWORK_HEADER = YES;
				CLANG_WARN_RANGE_LOOP_ANALYSIS = YES;
				CLANG_WARN_STRICT_PROTOTYPES = YES;
				CLANG_WARN_SUSPICIOUS_MOVE = YES;
				CLANG_WARN_UNGUARDED_AVAILABILITY = YES_AGGRESSIVE;
				CLANG_WARN_UNREACHABLE_CODE = YES;
				CLANG_WARN__DUPLICATE_METHOD_MATCH = YES;
				COPY_PHASE_STRIP = NO;
				DEBUG_INFORMATION_FORMAT = "dwarf-with-dsym";
				ENABLE_NS_ASSERTIONS = NO;
				ENABLE_STRICT_OBJC_MSGSEND = YES;
				ENABLE_USER_SCRIPT_SANDBOXING = YES;
				GCC_C_LANGUAGE_STANDARD = gnu17;
				GCC_NO_COMMON_BLOCKS = YES;
				GCC_WARN_64_TO_32_BIT_CONVERSION = YES;
				GCC_WARN_ABOUT_RETURN_TYPE = YES_ERROR;
				GCC_WARN_UNDECLARED_SELECTOR = YES;
				GCC_WARN_UNINITIALIZED_AUTOS = YES_AGGRESSIVE;
				GCC_WARN_UNUSED_FUNCTION = YES;
				GCC_WARN_UNUSED_VARIABLE = YES;
				IPHONEOS_DEPLOYMENT_TARGET = 17.4;
				LOCALIZATION_PREFERS_STRING_CATALOGS = YES;
				MTL_ENABLE_DEBUG_INFO = NO;
				MTL_FAST_MATH = YES;
				SDKROOT = iphoneos;
				SWIFT_COMPILATION_MODE = wholemodule;
				VALIDATE_PRODUCT = YES;
			};
			name = Release;
		};
		5E876C282C3EB8C200775E8A /* Debug */ = {
			isa = XCBuildConfiguration;
			buildSettings = {
				ASSETCATALOG_COMPILER_APPICON_NAME = AppIcon;
				ASSETCATALOG_COMPILER_GLOBAL_ACCENT_COLOR_NAME = AccentColor;
				CODE_SIGN_STYLE = Automatic;
				CURRENT_PROJECT_VERSION = 1;
				DEVELOPMENT_TEAM = BCFL245T3H;
				GENERATE_INFOPLIST_FILE = YES;
				INFOPLIST_FILE = PoqAppTech/Info.plist;
				INFOPLIST_KEY_UIApplicationSupportsIndirectInputEvents = YES;
				INFOPLIST_KEY_UILaunchStoryboardName = LaunchScreen;
				INFOPLIST_KEY_UISupportedInterfaceOrientations = "UIInterfaceOrientationLandscapeLeft UIInterfaceOrientationLandscapeRight UIInterfaceOrientationPortrait";
				IPHONEOS_DEPLOYMENT_TARGET = 15.0;
				LD_RUNPATH_SEARCH_PATHS = (
					"$(inherited)",
					"@executable_path/Frameworks",
				);
				MARKETING_VERSION = 1.0;
				PRODUCT_BUNDLE_IDENTIFIER = by.Lapteva.PoqAppTech;
				PRODUCT_NAME = "$(TARGET_NAME)";
				SWIFT_EMIT_LOC_STRINGS = YES;
				SWIFT_VERSION = 5.0;
				TARGETED_DEVICE_FAMILY = "1,2";
			};
			name = Debug;
		};
		5E876C292C3EB8C200775E8A /* Release */ = {
			isa = XCBuildConfiguration;
			buildSettings = {
				ASSETCATALOG_COMPILER_APPICON_NAME = AppIcon;
				ASSETCATALOG_COMPILER_GLOBAL_ACCENT_COLOR_NAME = AccentColor;
				CODE_SIGN_STYLE = Automatic;
				CURRENT_PROJECT_VERSION = 1;
				DEVELOPMENT_TEAM = BCFL245T3H;
				GENERATE_INFOPLIST_FILE = YES;
				INFOPLIST_FILE = PoqAppTech/Info.plist;
				INFOPLIST_KEY_UIApplicationSupportsIndirectInputEvents = YES;
				INFOPLIST_KEY_UILaunchStoryboardName = LaunchScreen;
				INFOPLIST_KEY_UISupportedInterfaceOrientations = "UIInterfaceOrientationLandscapeLeft UIInterfaceOrientationLandscapeRight UIInterfaceOrientationPortrait";
				IPHONEOS_DEPLOYMENT_TARGET = 15.0;
				LD_RUNPATH_SEARCH_PATHS = (
					"$(inherited)",
					"@executable_path/Frameworks",
				);
				MARKETING_VERSION = 1.0;
				PRODUCT_BUNDLE_IDENTIFIER = by.Lapteva.PoqAppTech;
				PRODUCT_NAME = "$(TARGET_NAME)";
				SWIFT_EMIT_LOC_STRINGS = YES;
				SWIFT_VERSION = 5.0;
				TARGETED_DEVICE_FAMILY = "1,2";
			};
			name = Release;
		};
		5E876C2B2C3EB8C200775E8A /* Debug */ = {
			isa = XCBuildConfiguration;
			buildSettings = {
				ALWAYS_EMBED_SWIFT_STANDARD_LIBRARIES = YES;
				BUNDLE_LOADER = "$(TEST_HOST)";
				CODE_SIGN_STYLE = Automatic;
				CURRENT_PROJECT_VERSION = 1;
				DEVELOPMENT_TEAM = BCFL245T3H;
				GENERATE_INFOPLIST_FILE = YES;
				IPHONEOS_DEPLOYMENT_TARGET = 17.4;
				MARKETING_VERSION = 1.0;
				PRODUCT_BUNDLE_IDENTIFIER = by.Lapteva.PoqAppTechTests;
				PRODUCT_NAME = "$(TARGET_NAME)";
				SWIFT_EMIT_LOC_STRINGS = NO;
				SWIFT_VERSION = 5.0;
				TARGETED_DEVICE_FAMILY = "1,2";
				TEST_HOST = "$(BUILT_PRODUCTS_DIR)/PoqAppTech.app/$(BUNDLE_EXECUTABLE_FOLDER_PATH)/PoqAppTech";
			};
			name = Debug;
		};
		5E876C2C2C3EB8C200775E8A /* Release */ = {
			isa = XCBuildConfiguration;
			buildSettings = {
				ALWAYS_EMBED_SWIFT_STANDARD_LIBRARIES = YES;
				BUNDLE_LOADER = "$(TEST_HOST)";
				CODE_SIGN_STYLE = Automatic;
				CURRENT_PROJECT_VERSION = 1;
				DEVELOPMENT_TEAM = BCFL245T3H;
				GENERATE_INFOPLIST_FILE = YES;
				IPHONEOS_DEPLOYMENT_TARGET = 17.4;
				MARKETING_VERSION = 1.0;
				PRODUCT_BUNDLE_IDENTIFIER = by.Lapteva.PoqAppTechTests;
				PRODUCT_NAME = "$(TARGET_NAME)";
				SWIFT_EMIT_LOC_STRINGS = NO;
				SWIFT_VERSION = 5.0;
				TARGETED_DEVICE_FAMILY = "1,2";
				TEST_HOST = "$(BUILT_PRODUCTS_DIR)/PoqAppTech.app/$(BUNDLE_EXECUTABLE_FOLDER_PATH)/PoqAppTech";
			};
			name = Release;
		};
		5E876C2E2C3EB8C200775E8A /* Debug */ = {
			isa = XCBuildConfiguration;
			buildSettings = {
				ALWAYS_EMBED_SWIFT_STANDARD_LIBRARIES = YES;
				CODE_SIGN_STYLE = Automatic;
				CURRENT_PROJECT_VERSION = 1;
				DEVELOPMENT_TEAM = BCFL245T3H;
				GENERATE_INFOPLIST_FILE = YES;
				MARKETING_VERSION = 1.0;
				PRODUCT_BUNDLE_IDENTIFIER = by.Lapteva.PoqAppTechUITests;
				PRODUCT_NAME = "$(TARGET_NAME)";
				SWIFT_EMIT_LOC_STRINGS = NO;
				SWIFT_VERSION = 5.0;
				TARGETED_DEVICE_FAMILY = "1,2";
				TEST_TARGET_NAME = PoqAppTech;
			};
			name = Debug;
		};
		5E876C2F2C3EB8C200775E8A /* Release */ = {
			isa = XCBuildConfiguration;
			buildSettings = {
				ALWAYS_EMBED_SWIFT_STANDARD_LIBRARIES = YES;
				CODE_SIGN_STYLE = Automatic;
				CURRENT_PROJECT_VERSION = 1;
				DEVELOPMENT_TEAM = BCFL245T3H;
				GENERATE_INFOPLIST_FILE = YES;
				MARKETING_VERSION = 1.0;
				PRODUCT_BUNDLE_IDENTIFIER = by.Lapteva.PoqAppTechUITests;
				PRODUCT_NAME = "$(TARGET_NAME)";
				SWIFT_EMIT_LOC_STRINGS = NO;
				SWIFT_VERSION = 5.0;
				TARGETED_DEVICE_FAMILY = "1,2";
				TEST_TARGET_NAME = PoqAppTech;
			};
			name = Release;
		};
/* End XCBuildConfiguration section */

/* Begin XCConfigurationList section */
		5E876BF82C3EB8C000775E8A /* Build configuration list for PBXProject "PoqAppTech" */ = {
			isa = XCConfigurationList;
			buildConfigurations = (
				5E876C252C3EB8C200775E8A /* Debug */,
				5E876C262C3EB8C200775E8A /* Release */,
			);
			defaultConfigurationIsVisible = 0;
			defaultConfigurationName = Release;
		};
		5E876C272C3EB8C200775E8A /* Build configuration list for PBXNativeTarget "PoqAppTech" */ = {
			isa = XCConfigurationList;
			buildConfigurations = (
				5E876C282C3EB8C200775E8A /* Debug */,
				5E876C292C3EB8C200775E8A /* Release */,
			);
			defaultConfigurationIsVisible = 0;
			defaultConfigurationName = Release;
		};
		5E876C2A2C3EB8C200775E8A /* Build configuration list for PBXNativeTarget "PoqAppTechTests" */ = {
			isa = XCConfigurationList;
			buildConfigurations = (
				5E876C2B2C3EB8C200775E8A /* Debug */,
				5E876C2C2C3EB8C200775E8A /* Release */,
			);
			defaultConfigurationIsVisible = 0;
			defaultConfigurationName = Release;
		};
		5E876C2D2C3EB8C200775E8A /* Build configuration list for PBXNativeTarget "PoqAppTechUITests" */ = {
			isa = XCConfigurationList;
			buildConfigurations = (
				5E876C2E2C3EB8C200775E8A /* Debug */,
				5E876C2F2C3EB8C200775E8A /* Release */,
			);
			defaultConfigurationIsVisible = 0;
			defaultConfigurationName = Release;
		};
/* End XCConfigurationList section */
	};
	rootObject = 5E876BF52C3EB8C000775E8A /* Project object */;
}
